
Microsoft Visual Studio Solution File, Format Version 12.00
# Visual Studio Version 17
VisualStudioVersion = 17.9.34728.123
MinimumVisualStudioVersion = 10.0.40219.1
Project("{FAE04EC0-301F-11D3-BF4B-00C04F79EFBC}") = "LlmClient", "LlmClient\LlmClient.csproj", "{5E1E44B8-9E65-4AD2-B905-E755DF34F78A}"
EndProject
Global
	GlobalSection(SolutionConfigurationPlatforms) = preSolution
		Debug|Any CPU = Debug|Any CPU
		Release|Any CPU = Release|Any CPU
	EndGlobalSection
	GlobalSection(ProjectConfigurationPlatforms) = postSolution
		{5E1E44B8-9E65-4AD2-B905-E755DF34F78A}.Debug|Any CPU.ActiveCfg = Debug|Any CPU
		{5E1E44B8-9E65-4AD2-B905-E755DF34F78A}.Debug|Any CPU.Build.0 = Debug|Any CPU
		{5E1E44B8-9E65-4AD2-B905-E755DF34F78A}.Release|Any CPU.ActiveCfg = Release|Any CPU
		{5E1E44B8-9E65-4AD2-B905-E755DF34F78A}.Release|Any CPU.Build.0 = Release|Any CPU
	EndGlobalSection
	GlobalSection(SolutionProperties) = preSolution
		HideSolutionNode = FALSE
	EndGlobalSection
	GlobalSection(ExtensibilityGlobals) = postSolution
		SolutionGuid = {02A31B51-7C0D-4BD9-A0EB-FA3B0900D667}
	EndGlobalSection
EndGlobal
